
Microsoft Visual Studio Solution File, Format Version 12.00
# Visual Studio 15
VisualStudioVersion = 15.0.27428.2005
MinimumVisualStudioVersion = 10.0.40219.1
Project("{FAE04EC0-301F-11D3-BF4B-00C04F79EFBC}") = "AsyncDemo", "AsyncDemo\AsyncDemo.csproj", "{1BD6F259-CA01-4898-91B1-C23CFD6305B2}"
EndProject
Global
	GlobalSection(SolutionConfigurationPlatforms) = preSolution
		Debug|Any CPU = Debug|Any CPU
		Release|Any CPU = Release|Any CPU
	EndGlobalSection
	GlobalSection(ProjectConfigurationPlatforms) = postSolution
		{1BD6F259-CA01-4898-91B1-C23CFD6305B2}.Debug|Any CPU.ActiveCfg = Debug|Any CPU
		{1BD6F259-CA01-4898-91B1-C23CFD6305B2}.Debug|Any CPU.Build.0 = Debug|Any CPU
		{1BD6F259-CA01-4898-91B1-C23CFD6305B2}.Release|Any CPU.ActiveCfg = Release|Any CPU
		{1BD6F259-CA01-4898-91B1-C23CFD6305B2}.Release|Any CPU.Build.0 = Release|Any CPU
	EndGlobalSection
	GlobalSection(SolutionProperties) = preSolution
		HideSolutionNode = FALSE
	EndGlobalSection
	GlobalSection(ExtensibilityGlobals) = postSolution
		SolutionGuid = {5AE8E5F4-A8A2-42EF-BAFD-26FDD684EF9E}
	EndGlobalSection
EndGlobal
