
Microsoft Visual Studio Solution File, Format Version 12.00
# Visual Studio 15
VisualStudioVersion = 15.0.27428.2005
MinimumVisualStudioVersion = 10.0.40219.1
Project("{FAE04EC0-301F-11D3-BF4B-00C04F79EFBC}") = "GridPanelDemo", "PanelDemo\GridPanelDemo.csproj", "{20190A4F-973D-447F-8606-2985E7655DDA}"
EndProject
Project("{FAE04EC0-301F-11D3-BF4B-00C04F79EFBC}") = "LayoutWithStackPanel", "LayoutWithStackPanel\LayoutWithStackPanel.csproj", "{81EFAEF6-D9FB-4B99-9878-592FAC0F3DDA}"
EndProject
Project("{FAE04EC0-301F-11D3-BF4B-00C04F79EFBC}") = "WrapPanel", "WrapPanel\WrapPanel.csproj", "{C264BD30-F821-4616-A54A-256CF2DD1D82}"
EndProject
Project("{FAE04EC0-301F-11D3-BF4B-00C04F79EFBC}") = "DockPanel", "DockPanel\DockPanel.csproj", "{7FF23B9B-46F1-4873-BCA5-7B0E7D3CA004}"
EndProject
Project("{FAE04EC0-301F-11D3-BF4B-00C04F79EFBC}") = "CanvasPanel", "CanvasPanel\CanvasPanel.csproj", "{91EA2C0A-D534-4F9D-A19D-06D776A8ADB4}"
EndProject
Global
	GlobalSection(SolutionConfigurationPlatforms) = preSolution
		Debug|Any CPU = Debug|Any CPU
		Release|Any CPU = Release|Any CPU
	EndGlobalSection
	GlobalSection(ProjectConfigurationPlatforms) = postSolution
		{20190A4F-973D-447F-8606-2985E7655DDA}.Debug|Any CPU.ActiveCfg = Debug|Any CPU
		{20190A4F-973D-447F-8606-2985E7655DDA}.Debug|Any CPU.Build.0 = Debug|Any CPU
		{20190A4F-973D-447F-8606-2985E7655DDA}.Release|Any CPU.ActiveCfg = Release|Any CPU
		{20190A4F-973D-447F-8606-2985E7655DDA}.Release|Any CPU.Build.0 = Release|Any CPU
		{81EFAEF6-D9FB-4B99-9878-592FAC0F3DDA}.Debug|Any CPU.ActiveCfg = Debug|Any CPU
		{81EFAEF6-D9FB-4B99-9878-592FAC0F3DDA}.Debug|Any CPU.Build.0 = Debug|Any CPU
		{81EFAEF6-D9FB-4B99-9878-592FAC0F3DDA}.Release|Any CPU.ActiveCfg = Release|Any CPU
		{81EFAEF6-D9FB-4B99-9878-592FAC0F3DDA}.Release|Any CPU.Build.0 = Release|Any CPU
		{C264BD30-F821-4616-A54A-256CF2DD1D82}.Debug|Any CPU.ActiveCfg = Debug|Any CPU
		{C264BD30-F821-4616-A54A-256CF2DD1D82}.Debug|Any CPU.Build.0 = Debug|Any CPU
		{C264BD30-F821-4616-A54A-256CF2DD1D82}.Release|Any CPU.ActiveCfg = Release|Any CPU
		{C264BD30-F821-4616-A54A-256CF2DD1D82}.Release|Any CPU.Build.0 = Release|Any CPU
		{7FF23B9B-46F1-4873-BCA5-7B0E7D3CA004}.Debug|Any CPU.ActiveCfg = Debug|Any CPU
		{7FF23B9B-46F1-4873-BCA5-7B0E7D3CA004}.Debug|Any CPU.Build.0 = Debug|Any CPU
		{7FF23B9B-46F1-4873-BCA5-7B0E7D3CA004}.Release|Any CPU.ActiveCfg = Release|Any CPU
		{7FF23B9B-46F1-4873-BCA5-7B0E7D3CA004}.Release|Any CPU.Build.0 = Release|Any CPU
		{91EA2C0A-D534-4F9D-A19D-06D776A8ADB4}.Debug|Any CPU.ActiveCfg = Debug|Any CPU
		{91EA2C0A-D534-4F9D-A19D-06D776A8ADB4}.Debug|Any CPU.Build.0 = Debug|Any CPU
		{91EA2C0A-D534-4F9D-A19D-06D776A8ADB4}.Release|Any CPU.ActiveCfg = Release|Any CPU
		{91EA2C0A-D534-4F9D-A19D-06D776A8ADB4}.Release|Any CPU.Build.0 = Release|Any CPU
	EndGlobalSection
	GlobalSection(SolutionProperties) = preSolution
		HideSolutionNode = FALSE
	EndGlobalSection
	GlobalSection(ExtensibilityGlobals) = postSolution
		SolutionGuid = {6CD1BB95-8329-473D-BAC9-7A74134F7022}
	EndGlobalSection
EndGlobal
